
Microsoft Visual Studio Solution File, Format Version 12.00
# Visual Studio Version 17
VisualStudioVersion = 17.10.35004.147
MinimumVisualStudioVersion = 10.0.40219.1
Project("{F184B08F-C81C-45F6-A57F-5ABD9991F28F}") = "LIBRARYMANAGMENTSTUDIO", "LIBRARYMANAGMENTSTUDIO\LIBRARYMANAGMENTSTUDIO.vbproj", "{920CCFBF-67FD-4CC5-AEC8-860B3E87D5E4}"
EndProject
Global
	GlobalSection(SolutionConfigurationPlatforms) = preSolution
		Debug|Any CPU = Debug|Any CPU
		Release|Any CPU = Release|Any CPU
	EndGlobalSection
	GlobalSection(ProjectConfigurationPlatforms) = postSolution
		{920CCFBF-67FD-4CC5-AEC8-860B3E87D5E4}.Debug|Any CPU.ActiveCfg = Debug|Any CPU
		{920CCFBF-67FD-4CC5-AEC8-860B3E87D5E4}.Debug|Any CPU.Build.0 = Debug|Any CPU
		{920CCFBF-67FD-4CC5-AEC8-860B3E87D5E4}.Release|Any CPU.ActiveCfg = Release|Any CPU
		{920CCFBF-67FD-4CC5-AEC8-860B3E87D5E4}.Release|Any CPU.Build.0 = Release|Any CPU
	EndGlobalSection
	GlobalSection(SolutionProperties) = preSolution
		HideSolutionNode = FALSE
	EndGlobalSection
	GlobalSection(ExtensibilityGlobals) = postSolution
		SolutionGuid = {DC70A43B-E57B-4129-953D-4D1CDB7562C7}
	EndGlobalSection
EndGlobal
